
Microsoft Visual Studio Solution File, Format Version 12.00
# Visual Studio 15
VisualStudioVersion = 15.0.27428.2037
MinimumVisualStudioVersion = 10.0.40219.1
Project("{FAE04EC0-301F-11D3-BF4B-00C04F79EFBC}") = "Socket_Program_Client", "Socket_Program_Client\Socket_Program_Client.csproj", "{409A94F4-03B8-46C5-A0B2-1AF0B013704E}"
EndProject
Global
	GlobalSection(SolutionConfigurationPlatforms) = preSolution
		Debug|Any CPU = Debug|Any CPU
		Release|Any CPU = Release|Any CPU
	EndGlobalSection
	GlobalSection(ProjectConfigurationPlatforms) = postSolution
		{409A94F4-03B8-46C5-A0B2-1AF0B013704E}.Debug|Any CPU.ActiveCfg = Debug|Any CPU
		{409A94F4-03B8-46C5-A0B2-1AF0B013704E}.Debug|Any CPU.Build.0 = Debug|Any CPU
		{409A94F4-03B8-46C5-A0B2-1AF0B013704E}.Release|Any CPU.ActiveCfg = Release|Any CPU
		{409A94F4-03B8-46C5-A0B2-1AF0B013704E}.Release|Any CPU.Build.0 = Release|Any CPU
	EndGlobalSection
	GlobalSection(SolutionProperties) = preSolution
		HideSolutionNode = FALSE
	EndGlobalSection
	GlobalSection(ExtensibilityGlobals) = postSolution
		SolutionGuid = {543C6E8C-5DA9-4148-AAD2-039204D712A8}
	EndGlobalSection
EndGlobal
